# This file is automatically generated. Do not edit directly.

# The lock file provides a snapshot of your project's dependency graph,
# including both direct dependencies and transitive dependencies.

# Include all workspace dependencies and their transitive dependencies as resolved from the workspace Cargo.toml specifications.

[[package]]
name = "aim-cli"
version = "0.1.0"
source = "registry+https://github.com/rust-lang/crates.io-index"

[[package]]
name = "aim-core"
version = "0.1.0"
source = "registry+https://github.com/rust-lang/crates.io-index"

[[package]]
name = "aim-mesh"
version = "0.1.0"
source = "registry+https://github.com/rust-lang/crates.io-index"

[[package]]
name = "aim-xdp-firewall"
version = "0.1.0"
source = "registry+https://github.com/rust-lang/crates.io-index"

[[package]]
name = "aim-xdp-firewall-ebpf"
version = "0.1.0"
source = "registry+https://github.com/rust-lang/crates.io-index"



# Additional transitive dependencies would be listed here